{
  "name": "Parcijalni ispit",
  "lockfileVersion": 3,
  "requires": true,
  "packages": {
    "": {
      "dependencies": {
        "game-life": "^1.2.4",
        "i": "^0.3.7"
      }
    },
    "node_modules/game-life": {
      "version": "1.2.4",
      "resolved": "https://registry.npmjs.org/game-life/-/game-life-1.2.4.tgz",
      "integrity": "sha512-RIKc+7/OEtyQa8zH4GievsaDXchkTDd2YfFsHujeb9wU1jNoAZonozNs4dgPWdFzjIucTe1GbS7HdCPGtZn3ng=="
    },
    "node_modules/i": {
      "version": "0.3.7",
      "resolved": "https://registry.npmjs.org/i/-/i-0.3.7.tgz",
      "integrity": "sha512-FYz4wlXgkQwIPqhzC5TdNMLSE5+GS1IIDJZY/1ZiEPCT2S3COUVZeT5OW4BmW4r5LHLQuOosSwsvnroG9GR59Q==",
      "engines": {
        "node": ">=0.4"
      }
    }
  }
}
